$begin 'ConnectionParameters'
	DesktopProcessID=13496
	DesktopProcessPath='D:\\other\\ANSYS EM Student\\Ansys Student\\v232\\Win64\\ansysedtsv.exe'
	LaunchedByWB=false
	$begin 'DesktopStubBlock'
		$begin 'CommDetails'
			TransportType=1
			IPAddress='192.168.1.145'
			ListenPort='52687'
		$end 'CommDetails'
		$begin 'Marshall'
			InstanceID=503
			ProcID=13496
			InterfaceID=1
			FactoryIntID='DesktopInterfaceForWBProxyStubFactory'
		$end 'Marshall'
	$end 'DesktopStubBlock'
	$begin 'DesktopBackgroundObjStubBlock'
		$begin 'CommDetails'
			TransportType=1
			IPAddress='192.168.1.145'
			ListenPort='52687'
		$end 'CommDetails'
		$begin 'Marshall'
			InstanceID=505
			ProcID=13496
			InterfaceID=2
			FactoryIntID='DesktopInterfaceForWBProxyStubFactory'
		$end 'Marshall'
	$end 'DesktopBackgroundObjStubBlock'
$end 'ConnectionParameters'
