$begin 'ConnectionParameters'
	DesktopProcessID=24440
	DesktopProcessPath='D:\\other\\ANSYS EM Student\\Ansys Student\\v232\\Win64\\ansysedtsv.exe'
	LaunchedByWB=false
	$begin 'DesktopStubBlock'
		$begin 'CommDetails'
			TransportType=1
			IPAddress='10.22.178.87'
			ListenPort='59321'
		$end 'CommDetails'
		$begin 'Marshall'
			InstanceID=503
			ProcID=24440
			InterfaceID=1
			FactoryIntID='DesktopInterfaceForWBProxyStubFactory'
		$end 'Marshall'
	$end 'DesktopStubBlock'
	$begin 'DesktopBackgroundObjStubBlock'
		$begin 'CommDetails'
			TransportType=1
			IPAddress='10.22.178.87'
			ListenPort='59321'
		$end 'CommDetails'
		$begin 'Marshall'
			InstanceID=505
			ProcID=24440
			InterfaceID=2
			FactoryIntID='DesktopInterfaceForWBProxyStubFactory'
		$end 'Marshall'
	$end 'DesktopBackgroundObjStubBlock'
$end 'ConnectionParameters'
